
Microsoft Visual Studio Solution File, Format Version 12.00
# Visual Studio 15
VisualStudioVersion = 15.0.27004.2010
MinimumVisualStudioVersion = 10.0.40219.1
Project("{FAE04EC0-301F-11D3-BF4B-00C04F79EFBC}") = "ApiRestaurante", "ApiRestaurante\ApiRestaurante.csproj", "{0B59E28A-DCAF-45D3-92A3-636ABCB7BD51}"
EndProject
Global
	GlobalSection(SolutionConfigurationPlatforms) = preSolution
		Debug|Any CPU = Debug|Any CPU
		Release|Any CPU = Release|Any CPU
	EndGlobalSection
	GlobalSection(ProjectConfigurationPlatforms) = postSolution
		{0B59E28A-DCAF-45D3-92A3-636ABCB7BD51}.Debug|Any CPU.ActiveCfg = Debug|Any CPU
		{0B59E28A-DCAF-45D3-92A3-636ABCB7BD51}.Debug|Any CPU.Build.0 = Debug|Any CPU
		{0B59E28A-DCAF-45D3-92A3-636ABCB7BD51}.Release|Any CPU.ActiveCfg = Release|Any CPU
		{0B59E28A-DCAF-45D3-92A3-636ABCB7BD51}.Release|Any CPU.Build.0 = Release|Any CPU
	EndGlobalSection
	GlobalSection(SolutionProperties) = preSolution
		HideSolutionNode = FALSE
	EndGlobalSection
	GlobalSection(ExtensibilityGlobals) = postSolution
		SolutionGuid = {775D4918-1C02-4D25-B7CC-C261281F5575}
	EndGlobalSection
EndGlobal
